{
    "_readme": [
        "This file locks the dependencies of your project to a known state",
        "Read more about it at https://getcomposer.org/doc/01-basic-usage.md#composer-lock-the-lock-file",
        "This file is @generated automatically"
    ],
    "hash": "82cd63ca8a391a76e4d8c75723561270",
    "content-hash": "80294139b6c7c36f4851aaf410612d9f",
    "packages": [
        {
            "name": "nitroxy/basic-object",
            "version": "v1.3",
            "source": {
                "type": "git",
                "url": "https://github.com/NitroXy/BasicObject.git",
                "reference": "6b3a2d96484cc1de337f2abc2e4a0261bb435dbe"
            },
            "dist": {
                "type": "zip",
                "url": "https://api.github.com/repos/NitroXy/BasicObject/zipball/6b3a2d96484cc1de337f2abc2e4a0261bb435dbe",
                "reference": "6b3a2d96484cc1de337f2abc2e4a0261bb435dbe",
                "shasum": ""
            },
            "type": "library",
            "autoload": {
                "classmap": [
                    "BasicObject.php",
                    "ValidatingBasicObject.php",
                    "IBasicObjectMemCache.php"
                ]
            },
            "notification-url": "https://packagist.org/downloads/",
            "license": [
                "MIT"
            ],
            "authors": [
                {
                    "name": "David Sveningsson",
                    "email": "ext@sidvind.com"
                },
                {
                    "name": "Eric Druid",
                    "email": "eric.druid+github@gmail.com"
                },
                {
                    "name": "Andreas Tarandi",
                    "email": "torandi@gmail.com"
                },
                {
                    "name": "Petter Blomberg",
                    "email": "github@petterblomberg.se"
                }
            ],
            "description": "Yet anoyther object relational mapper",
            "time": "2016-02-14 23:44:12"
        },
        {
            "name": "nitroxy/nxauth",
            "version": "v1.0",
            "source": {
                "type": "git",
                "url": "https://github.com/NitroXy/nxauth.git",
                "reference": "87d185733699100860a4870877160451026995b8"
            },
            "dist": {
                "type": "zip",
                "url": "https://api.github.com/repos/NitroXy/nxauth/zipball/87d185733699100860a4870877160451026995b8",
                "reference": "87d185733699100860a4870877160451026995b8",
                "shasum": ""
            },
            "type": "library",
            "notification-url": "https://packagist.org/downloads/",
            "authors": [
                {
                    "name": "Andreas Tarandi",
                    "email": "torandi@gmail.com"
                }
            ],
            "description": "A module for authenticating with NitroXys CAS-service",
            "time": "2015-02-21 20:25:32"
        }
    ],
    "packages-dev": [],
    "aliases": [],
    "minimum-stability": "stable",
    "stability-flags": [],
    "prefer-stable": false,
    "prefer-lowest": false,
    "platform": [],
    "platform-dev": []
}
